{
  "name": "minimoda-ecommerce",
  "version": "0.1.0",
  "lockfileVersion": 3,
  "requires": true,
  "private": true,
  "packages": {
    "": {
      "dependencies": {
        "date-fns": "^2.29.3"
      }
    },
    "node_modules/date-fns": {
      "version": "2.29.3",
      "resolved": "https://registry.npmjs.org/date-fns/-/date-fns-2.29.3.tgz",
      "integrity": "sha512-dDCnyH2WnnKusqvZZ6+jA1O51Ibt8ZMRNkDZdyAyK4YfbDwa/cEmuztzG5pk6hqlp9aSBPYcjOlktquahGwGeA==",
      "engines": {
        "node": ">=0.11"
      },
      "funding": {
        "type": "opencollective",
        "url": "https://opencollective.com/date-fns"
      }
    }
  },
  "devDependencies": {
    "@types/node": "^22",
    "@types/react": "^19",
    "@types/react-dom": "^19",
    "postcss": "^8.5",
    "tailwindcss": "^3.4.17",
    "typescript": "^5"
  },
  "scripts": {
    "build": "next build",
    "dev": "next dev",
    "lint": "next lint",
    "start": "next start"
  }
}
